
Microsoft Visual Studio Solution File, Format Version 12.00
# Visual Studio 15
VisualStudioVersion = 15.0.28307.329
MinimumVisualStudioVersion = 10.0.40219.1
Project("{FAE04EC0-301F-11D3-BF4B-00C04F79EFBC}") = "s1061461999Travel", "s1061461999Travel\s1061461999Travel.csproj", "{CAFD0E35-6506-44F7-8015-97B45E4A8F56}"
EndProject
Global
	GlobalSection(SolutionConfigurationPlatforms) = preSolution
		Debug|Any CPU = Debug|Any CPU
		Release|Any CPU = Release|Any CPU
	EndGlobalSection
	GlobalSection(ProjectConfigurationPlatforms) = postSolution
		{CAFD0E35-6506-44F7-8015-97B45E4A8F56}.Debug|Any CPU.ActiveCfg = Debug|Any CPU
		{CAFD0E35-6506-44F7-8015-97B45E4A8F56}.Debug|Any CPU.Build.0 = Debug|Any CPU
		{CAFD0E35-6506-44F7-8015-97B45E4A8F56}.Release|Any CPU.ActiveCfg = Release|Any CPU
		{CAFD0E35-6506-44F7-8015-97B45E4A8F56}.Release|Any CPU.Build.0 = Release|Any CPU
	EndGlobalSection
	GlobalSection(SolutionProperties) = preSolution
		HideSolutionNode = FALSE
	EndGlobalSection
	GlobalSection(ExtensibilityGlobals) = postSolution
		SolutionGuid = {6DED6D82-298F-4C2A-96C7-B075AE03B324}
	EndGlobalSection
EndGlobal
